// !$*UTF8*$!
{
	archiveVersion = 1;
	classes = {
	};
	objectVersion = 46;
	objects = {

/* Begin PBXBuildFile section */
		D32AE11F1C1544DC00EFDD69 /* TODO.md in Resources */ = {isa = PBXBuildFile; fileRef = D32AE11E1C1544DC00EFDD69 /* TODO.md */; };
		D32AE1211C1599CB00EFDD69 /* BudgetHeaderView.swift in Sources */ = {isa = PBXBuildFile; fileRef = D32AE1201C1599CB00EFDD69 /* BudgetHeaderView.swift */; };
		D33BD26B1C12A5BA00FED00A /* TableHeaderView.swift in Sources */ = {isa = PBXBuildFile; fileRef = D33BD26A1C12A5BA00FED00A /* TableHeaderView.swift */; };
		D364349D1C01E179006931F4 /* AppDelegate.swift in Sources */ = {isa = PBXBuildFile; fileRef = D364349C1C01E179006931F4 /* AppDelegate.swift */; };
		D364349F1C01E179006931F4 /* ViewController.swift in Sources */ = {isa = PBXBuildFile; fileRef = D364349E1C01E179006931F4 /* ViewController.swift */; };
		D36434A21C01E179006931F4 /* Main.storyboard in Resources */ = {isa = PBXBuildFile; fileRef = D36434A01C01E179006931F4 /* Main.storyboard */; };
		D36434A41C01E179006931F4 /* Assets.xcassets in Resources */ = {isa = PBXBuildFile; fileRef = D36434A31C01E179006931F4 /* Assets.xcassets */; };
		D36434A71C01E179006931F4 /* LaunchScreen.storyboard in Resources */ = {isa = PBXBuildFile; fileRef = D36434A51C01E179006931F4 /* LaunchScreen.storyboard */; };
		D36434B51C01E423006931F4 /* XBNote.swift in Sources */ = {isa = PBXBuildFile; fileRef = D36434B41C01E423006931F4 /* XBNote.swift */; };
		D36E67311C0B3C82006A32C5 /* XBBudgetCell.swift in Sources */ = {isa = PBXBuildFile; fileRef = D36E67301C0B3C82006A32C5 /* XBBudgetCell.swift */; };
		D36E67331C0E7AB5006A32C5 /* XBWidthManager.swift in Sources */ = {isa = PBXBuildFile; fileRef = D36E67321C0E7AB5006A32C5 /* XBWidthManager.swift */; };
		D36E67361C108C1A006A32C5 /* XBDragView.swift in Sources */ = {isa = PBXBuildFile; fileRef = D36E67351C108C1A006A32C5 /* XBDragView.swift */; };
		D38253F11C09661A00E26E6F /* UIViewController+ChildControllerSwitch.m in Sources */ = {isa = PBXBuildFile; fileRef = D38253F01C09661A00E26E6F /* UIViewController+ChildControllerSwitch.m */; };
		D38253F41C09674E00E26E6F /* XBBudgetViewController.swift in Sources */ = {isa = PBXBuildFile; fileRef = D38253F31C09674E00E26E6F /* XBBudgetViewController.swift */; };
		D38253F61C09681E00E26E6F /* XBExpensesViewController.swift in Sources */ = {isa = PBXBuildFile; fileRef = D38253F51C09681E00E26E6F /* XBExpensesViewController.swift */; };
		D38253F81C09683800E26E6F /* XBIncomeViewController.swift in Sources */ = {isa = PBXBuildFile; fileRef = D38253F71C09683800E26E6F /* XBIncomeViewController.swift */; };
		D38253FA1C09715B00E26E6F /* XBConstant.swift in Sources */ = {isa = PBXBuildFile; fileRef = D38253F91C09715B00E26E6F /* XBConstant.swift */; };
		D38253FC1C097EFF00E26E6F /* XBTableViewController.swift in Sources */ = {isa = PBXBuildFile; fileRef = D38253FB1C097EFF00E26E6F /* XBTableViewController.swift */; };
		D38253FE1C097F6200E26E6F /* XBTableViewRow.swift in Sources */ = {isa = PBXBuildFile; fileRef = D38253FD1C097F6200E26E6F /* XBTableViewRow.swift */; };
		F8DA9A45528B1A04C1F484AA /* Pods_XiaoBai.framework in Frameworks */ = {isa = PBXBuildFile; fileRef = 77E7B77AF8C8344CA20153A6 /* Pods_XiaoBai.framework */; };
/* End PBXBuildFile section */

/* Begin PBXFileReference section */
		17D17DBA9968E53DE7E109CE /* Pods-XiaoBai.debug.xcconfig */ = {isa = PBXFileReference; includeInIndex = 1; lastKnownFileType = text.xcconfig; name = "Pods-XiaoBai.debug.xcconfig"; path = "Pods/Target Support Files/Pods-XiaoBai/Pods-XiaoBai.debug.xcconfig"; sourceTree = "<group>"; };
		77E7B77AF8C8344CA20153A6 /* Pods_XiaoBai.framework */ = {isa = PBXFileReference; explicitFileType = wrapper.framework; includeInIndex = 0; path = Pods_XiaoBai.framework; sourceTree = BUILT_PRODUCTS_DIR; };
		A8E2B3C8E160E545E586EED1 /* Pods-XiaoBai.release.xcconfig */ = {isa = PBXFileReference; includeInIndex = 1; lastKnownFileType = text.xcconfig; name = "Pods-XiaoBai.release.xcconfig"; path = "Pods/Target Support Files/Pods-XiaoBai/Pods-XiaoBai.release.xcconfig"; sourceTree = "<group>"; };
		D32AE11E1C1544DC00EFDD69 /* TODO.md */ = {isa = PBXFileReference; fileEncoding = 4; lastKnownFileType = net.daringfireball.markdown; path = TODO.md; sourceTree = "<group>"; };
		D32AE1201C1599CB00EFDD69 /* BudgetHeaderView.swift */ = {isa = PBXFileReference; fileEncoding = 4; lastKnownFileType = sourcecode.swift; path = BudgetHeaderView.swift; sourceTree = "<group>"; };
		D33BD26A1C12A5BA00FED00A /* TableHeaderView.swift */ = {isa = PBXFileReference; fileEncoding = 4; lastKnownFileType = sourcecode.swift; path = TableHeaderView.swift; sourceTree = "<group>"; };
		D36434991C01E179006931F4 /* XiaoBai.app */ = {isa = PBXFileReference; explicitFileType = wrapper.application; includeInIndex = 0; path = XiaoBai.app; sourceTree = BUILT_PRODUCTS_DIR; };
		D364349C1C01E179006931F4 /* AppDelegate.swift */ = {isa = PBXFileReference; lastKnownFileType = sourcecode.swift; path = AppDelegate.swift; sourceTree = "<group>"; };
		D364349E1C01E179006931F4 /* ViewController.swift */ = {isa = PBXFileReference; lastKnownFileType = sourcecode.swift; path = ViewController.swift; sourceTree = "<group>"; };
		D36434A11C01E179006931F4 /* Base */ = {isa = PBXFileReference; lastKnownFileType = file.storyboard; name = Base; path = Base.lproj/Main.storyboard; sourceTree = "<group>"; };
		D36434A31C01E179006931F4 /* Assets.xcassets */ = {isa = PBXFileReference; lastKnownFileType = folder.assetcatalog; path = Assets.xcassets; sourceTree = "<group>"; };
		D36434A61C01E179006931F4 /* Base */ = {isa = PBXFileReference; lastKnownFileType = file.storyboard; name = Base; path = Base.lproj/LaunchScreen.storyboard; sourceTree = "<group>"; };
		D36434A81C01E179006931F4 /* Info.plist */ = {isa = PBXFileReference; lastKnownFileType = text.plist.xml; path = Info.plist; sourceTree = "<group>"; };
		D36434B41C01E423006931F4 /* XBNote.swift */ = {isa = PBXFileReference; fileEncoding = 4; lastKnownFileType = sourcecode.swift; path = XBNote.swift; sourceTree = "<group>"; };
		D36E67301C0B3C82006A32C5 /* XBBudgetCell.swift */ = {isa = PBXFileReference; fileEncoding = 4; lastKnownFileType = sourcecode.swift; path = XBBudgetCell.swift; sourceTree = "<group>"; };
		D36E67321C0E7AB5006A32C5 /* XBWidthManager.swift */ = {isa = PBXFileReference; fileEncoding = 4; lastKnownFileType = sourcecode.swift; path = XBWidthManager.swift; sourceTree = "<group>"; };
		D36E67351C108C1A006A32C5 /* XBDragView.swift */ = {isa = PBXFileReference; fileEncoding = 4; lastKnownFileType = sourcecode.swift; path = XBDragView.swift; sourceTree = "<group>"; };
		D38253EE1C09570100E26E6F /* XiaoBai-Bridging-Header.h */ = {isa = PBXFileReference; lastKnownFileType = sourcecode.c.h; path = "XiaoBai-Bridging-Header.h"; sourceTree = "<group>"; };
		D38253EF1C09661A00E26E6F /* UIViewController+ChildControllerSwitch.h */ = {isa = PBXFileReference; fileEncoding = 4; lastKnownFileType = sourcecode.c.h; path = "UIViewController+ChildControllerSwitch.h"; sourceTree = "<group>"; };
		D38253F01C09661A00E26E6F /* UIViewController+ChildControllerSwitch.m */ = {isa = PBXFileReference; fileEncoding = 4; lastKnownFileType = sourcecode.c.objc; path = "UIViewController+ChildControllerSwitch.m"; sourceTree = "<group>"; };
		D38253F31C09674E00E26E6F /* XBBudgetViewController.swift */ = {isa = PBXFileReference; fileEncoding = 4; lastKnownFileType = sourcecode.swift; path = XBBudgetViewController.swift; sourceTree = "<group>"; };
		D38253F51C09681E00E26E6F /* XBExpensesViewController.swift */ = {isa = PBXFileReference; fileEncoding = 4; lastKnownFileType = sourcecode.swift; path = XBExpensesViewController.swift; sourceTree = "<group>"; };
		D38253F71C09683800E26E6F /* XBIncomeViewController.swift */ = {isa = PBXFileReference; fileEncoding = 4; lastKnownFileType = sourcecode.swift; path = XBIncomeViewController.swift; sourceTree = "<group>"; };
		D38253F91C09715B00E26E6F /* XBConstant.swift */ = {isa = PBXFileReference; fileEncoding = 4; lastKnownFileType = sourcecode.swift; path = XBConstant.swift; sourceTree = "<group>"; };
		D38253FB1C097EFF00E26E6F /* XBTableViewController.swift */ = {isa = PBXFileReference; fileEncoding = 4; lastKnownFileType = sourcecode.swift; path = XBTableViewController.swift; sourceTree = "<group>"; };
		D38253FD1C097F6200E26E6F /* XBTableViewRow.swift */ = {isa = PBXFileReference; fileEncoding = 4; lastKnownFileType = sourcecode.swift; path = XBTableViewRow.swift; sourceTree = "<group>"; };
/* End PBXFileReference section */

/* Begin PBXFrameworksBuildPhase section */
		D36434961C01E179006931F4 /* Frameworks */ = {
			isa = PBXFrameworksBuildPhase;
			buildActionMask = 2147483647;
			files = (
				F8DA9A45528B1A04C1F484AA /* Pods_XiaoBai.framework in Frameworks */,
			);
			runOnlyForDeploymentPostprocessing = 0;
		};
/* End PBXFrameworksBuildPhase section */

/* Begin PBXGroup section */
		37527B4D8DAE8C5F9D22B575 /* Pods */ = {
			isa = PBXGroup;
			children = (
				17D17DBA9968E53DE7E109CE /* Pods-XiaoBai.debug.xcconfig */,
				A8E2B3C8E160E545E586EED1 /* Pods-XiaoBai.release.xcconfig */,
			);
			name = Pods;
			sourceTree = "<group>";
		};
		84280846C334E7A32DBBB85F /* Frameworks */ = {
			isa = PBXGroup;
			children = (
				77E7B77AF8C8344CA20153A6 /* Pods_XiaoBai.framework */,
			);
			name = Frameworks;
			sourceTree = "<group>";
		};
		D36434901C01E179006931F4 = {
			isa = PBXGroup;
			children = (
				D32AE11E1C1544DC00EFDD69 /* TODO.md */,
				D364349B1C01E179006931F4 /* XiaoBai */,
				D364349A1C01E179006931F4 /* Products */,
				37527B4D8DAE8C5F9D22B575 /* Pods */,
				84280846C334E7A32DBBB85F /* Frameworks */,
			);
			sourceTree = "<group>";
		};
		D364349A1C01E179006931F4 /* Products */ = {
			isa = PBXGroup;
			children = (
				D36434991C01E179006931F4 /* XiaoBai.app */,
			);
			name = Products;
			sourceTree = "<group>";
		};
		D364349B1C01E179006931F4 /* XiaoBai */ = {
			isa = PBXGroup;
			children = (
				D38253E91C09563200E26E6F /* Source */,
				D38253E81C09562100E26E6F /* Support Files */,
				D38253E31C0955B800E26E6F /* 3rd */,
				D38253F21C09662200E26E6F /* Category */,
			);
			path = XiaoBai;
			sourceTree = "<group>";
		};
		D36E67341C108C07006A32C5 /* Views */ = {
			isa = PBXGroup;
			children = (
				D33BD26A1C12A5BA00FED00A /* TableHeaderView.swift */,
				D32AE1201C1599CB00EFDD69 /* BudgetHeaderView.swift */,
				D36E67351C108C1A006A32C5 /* XBDragView.swift */,
				D38253FD1C097F6200E26E6F /* XBTableViewRow.swift */,
				D36E67301C0B3C82006A32C5 /* XBBudgetCell.swift */,
			);
			name = Views;
			sourceTree = "<group>";
		};
		D38253E31C0955B800E26E6F /* 3rd */ = {
			isa = PBXGroup;
			children = (
			);
			path = 3rd;
			sourceTree = "<group>";
		};
		D38253E81C09562100E26E6F /* Support Files */ = {
			isa = PBXGroup;
			children = (
				D36434A01C01E179006931F4 /* Main.storyboard */,
				D36434A31C01E179006931F4 /* Assets.xcassets */,
				D36434A51C01E179006931F4 /* LaunchScreen.storyboard */,
				D36434A81C01E179006931F4 /* Info.plist */,
				D38253EE1C09570100E26E6F /* XiaoBai-Bridging-Header.h */,
			);
			name = "Support Files";
			sourceTree = "<group>";
		};
		D38253E91C09563200E26E6F /* Source */ = {
			isa = PBXGroup;
			children = (
				D36E67341C108C07006A32C5 /* Views */,
				D364349C1C01E179006931F4 /* AppDelegate.swift */,
				D364349E1C01E179006931F4 /* ViewController.swift */,
				D38253FB1C097EFF00E26E6F /* XBTableViewController.swift */,
				D38253F31C09674E00E26E6F /* XBBudgetViewController.swift */,
				D38253F51C09681E00E26E6F /* XBExpensesViewController.swift */,
				D38253F71C09683800E26E6F /* XBIncomeViewController.swift */,
				D36434B41C01E423006931F4 /* XBNote.swift */,
				D38253F91C09715B00E26E6F /* XBConstant.swift */,
				D36E67321C0E7AB5006A32C5 /* XBWidthManager.swift */,
			);
			name = Source;
			sourceTree = "<group>";
		};
		D38253F21C09662200E26E6F /* Category */ = {
			isa = PBXGroup;
			children = (
				D38253EF1C09661A00E26E6F /* UIViewController+ChildControllerSwitch.h */,
				D38253F01C09661A00E26E6F /* UIViewController+ChildControllerSwitch.m */,
			);
			name = Category;
			sourceTree = "<group>";
		};
/* End PBXGroup section */

/* Begin PBXNativeTarget section */
		D36434981C01E179006931F4 /* XiaoBai */ = {
			isa = PBXNativeTarget;
			buildConfigurationList = D36434AB1C01E179006931F4 /* Build configuration list for PBXNativeTarget "XiaoBai" */;
			buildPhases = (
				091963BA5FE076F88ECA9D16 /* Check Pods Manifest.lock */,
				D36434951C01E179006931F4 /* Sources */,
				D36434961C01E179006931F4 /* Frameworks */,
				D36434971C01E179006931F4 /* Resources */,
				C52CF1974C6F0D623B228D83 /* Embed Pods Frameworks */,
				27583D453306C096FF333F9A /* Copy Pods Resources */,
			);
			buildRules = (
			);
			dependencies = (
			);
			name = XiaoBai;
			productName = XiaoBai;
			productReference = D36434991C01E179006931F4 /* XiaoBai.app */;
			productType = "com.apple.product-type.application";
		};
/* End PBXNativeTarget section */

/* Begin PBXProject section */
		D36434911C01E179006931F4 /* Project object */ = {
			isa = PBXProject;
			attributes = {
				CLASSPREFIX = "";
				LastSwiftUpdateCheck = 0710;
				LastUpgradeCheck = 0710;
				ORGANIZATIONNAME = com.wy;
				TargetAttributes = {
					D36434981C01E179006931F4 = {
						CreatedOnToolsVersion = 7.1;
						DevelopmentTeam = H6M2X75A78;
					};
				};
			};
			buildConfigurationList = D36434941C01E179006931F4 /* Build configuration list for PBXProject "XiaoBai" */;
			compatibilityVersion = "Xcode 3.2";
			developmentRegion = English;
			hasScannedForEncodings = 0;
			knownRegions = (
				en,
				Base,
			);
			mainGroup = D36434901C01E179006931F4;
			productRefGroup = D364349A1C01E179006931F4 /* Products */;
			projectDirPath = "";
			projectRoot = "";
			targets = (
				D36434981C01E179006931F4 /* XiaoBai */,
			);
		};
/* End PBXProject section */

/* Begin PBXResourcesBuildPhase section */
		D36434971C01E179006931F4 /* Resources */ = {
			isa = PBXResourcesBuildPhase;
			buildActionMask = 2147483647;
			files = (
				D32AE11F1C1544DC00EFDD69 /* TODO.md in Resources */,
				D36434A71C01E179006931F4 /* LaunchScreen.storyboard in Resources */,
				D36434A41C01E179006931F4 /* Assets.xcassets in Resources */,
				D36434A21C01E179006931F4 /* Main.storyboard in Resources */,
			);
			runOnlyForDeploymentPostprocessing = 0;
		};
/* End PBXResourcesBuildPhase section */

/* Begin PBXShellScriptBuildPhase section */
		091963BA5FE076F88ECA9D16 /* Check Pods Manifest.lock */ = {
			isa = PBXShellScriptBuildPhase;
			buildActionMask = 2147483647;
			files = (
			);
			inputPaths = (
			);
			name = "Check Pods Manifest.lock";
			outputPaths = (
			);
			runOnlyForDeploymentPostprocessing = 0;
			shellPath = /bin/sh;
			shellScript = "diff \"${PODS_ROOT}/../Podfile.lock\" \"${PODS_ROOT}/Manifest.lock\" > /dev/null\nif [[ $? != 0 ]] ; then\n    cat << EOM\nerror: The sandbox is not in sync with the Podfile.lock. Run 'pod install' or update your CocoaPods installation.\nEOM\n    exit 1\nfi\n";
			showEnvVarsInLog = 0;
		};
		27583D453306C096FF333F9A /* Copy Pods Resources */ = {
			isa = PBXShellScriptBuildPhase;
			buildActionMask = 2147483647;
			files = (
			);
			inputPaths = (
			);
			name = "Copy Pods Resources";
			outputPaths = (
			);
			runOnlyForDeploymentPostprocessing = 0;
			shellPath = /bin/sh;
			shellScript = "\"${SRCROOT}/Pods/Target Support Files/Pods-XiaoBai/Pods-XiaoBai-resources.sh\"\n";
			showEnvVarsInLog = 0;
		};
		C52CF1974C6F0D623B228D83 /* Embed Pods Frameworks */ = {
			isa = PBXShellScriptBuildPhase;
			buildActionMask = 2147483647;
			files = (
			);
			inputPaths = (
			);
			name = "Embed Pods Frameworks";
			outputPaths = (
			);
			runOnlyForDeploymentPostprocessing = 0;
			shellPath = /bin/sh;
			shellScript = "\"${SRCROOT}/Pods/Target Support Files/Pods-XiaoBai/Pods-XiaoBai-frameworks.sh\"\n";
			showEnvVarsInLog = 0;
		};
/* End PBXShellScriptBuildPhase section */

/* Begin PBXSourcesBuildPhase section */
		D36434951C01E179006931F4 /* Sources */ = {
			isa = PBXSourcesBuildPhase;
			buildActionMask = 2147483647;
			files = (
				D36E67331C0E7AB5006A32C5 /* XBWidthManager.swift in Sources */,
				D38253FE1C097F6200E26E6F /* XBTableViewRow.swift in Sources */,
				D364349F1C01E179006931F4 /* ViewController.swift in Sources */,
				D38253FC1C097EFF00E26E6F /* XBTableViewController.swift in Sources */,
				D38253F61C09681E00E26E6F /* XBExpensesViewController.swift in Sources */,
				D38253F81C09683800E26E6F /* XBIncomeViewController.swift in Sources */,
				D364349D1C01E179006931F4 /* AppDelegate.swift in Sources */,
				D36E67311C0B3C82006A32C5 /* XBBudgetCell.swift in Sources */,
				D38253F11C09661A00E26E6F /* UIViewController+ChildControllerSwitch.m in Sources */,
				D32AE1211C1599CB00EFDD69 /* BudgetHeaderView.swift in Sources */,
				D36E67361C108C1A006A32C5 /* XBDragView.swift in Sources */,
				D38253F41C09674E00E26E6F /* XBBudgetViewController.swift in Sources */,
				D36434B51C01E423006931F4 /* XBNote.swift in Sources */,
				D33BD26B1C12A5BA00FED00A /* TableHeaderView.swift in Sources */,
				D38253FA1C09715B00E26E6F /* XBConstant.swift in Sources */,
			);
			runOnlyForDeploymentPostprocessing = 0;
		};
/* End PBXSourcesBuildPhase section */

/* Begin PBXVariantGroup section */
		D36434A01C01E179006931F4 /* Main.storyboard */ = {
			isa = PBXVariantGroup;
			children = (
				D36434A11C01E179006931F4 /* Base */,
			);
			name = Main.storyboard;
			sourceTree = "<group>";
		};
		D36434A51C01E179006931F4 /* LaunchScreen.storyboard */ = {
			isa = PBXVariantGroup;
			children = (
				D36434A61C01E179006931F4 /* Base */,
			);
			name = LaunchScreen.storyboard;
			sourceTree = "<group>";
		};
/* End PBXVariantGroup section */

/* Begin XCBuildConfiguration section */
		D36434A91C01E179006931F4 /* Debug */ = {
			isa = XCBuildConfiguration;
			buildSettings = {
				ALWAYS_SEARCH_USER_PATHS = NO;
				CLANG_CXX_LANGUAGE_STANDARD = "gnu++0x";
				CLANG_CXX_LIBRARY = "libc++";
				CLANG_ENABLE_MODULES = YES;
				CLANG_ENABLE_OBJC_ARC = YES;
				CLANG_WARN_BOOL_CONVERSION = YES;
				CLANG_WARN_CONSTANT_CONVERSION = YES;
				CLANG_WARN_DIRECT_OBJC_ISA_USAGE = YES_ERROR;
				CLANG_WARN_EMPTY_BODY = YES;
				CLANG_WARN_ENUM_CONVERSION = YES;
				CLANG_WARN_INT_CONVERSION = YES;
				CLANG_WARN_OBJC_ROOT_CLASS = YES_ERROR;
				CLANG_WARN_UNREACHABLE_CODE = YES;
				CLANG_WARN__DUPLICATE_METHOD_MATCH = YES;
				"CODE_SIGN_IDENTITY[sdk=iphoneos*]" = "iPhone Developer";
				COPY_PHASE_STRIP = NO;
				DEBUG_INFORMATION_FORMAT = dwarf;
				ENABLE_STRICT_OBJC_MSGSEND = YES;
				ENABLE_TESTABILITY = YES;
				GCC_C_LANGUAGE_STANDARD = gnu99;
				GCC_DYNAMIC_NO_PIC = NO;
				GCC_NO_COMMON_BLOCKS = YES;
				GCC_OPTIMIZATION_LEVEL = 0;
				GCC_PREPROCESSOR_DEFINITIONS = (
					"DEBUG=1",
					"$(inherited)",
				);
				GCC_WARN_64_TO_32_BIT_CONVERSION = YES;
				GCC_WARN_ABOUT_RETURN_TYPE = YES_ERROR;
				GCC_WARN_UNDECLARED_SELECTOR = YES;
				GCC_WARN_UNINITIALIZED_AUTOS = YES_AGGRESSIVE;
				GCC_WARN_UNUSED_FUNCTION = YES;
				GCC_WARN_UNUSED_VARIABLE = YES;
				IPHONEOS_DEPLOYMENT_TARGET = 9.1;
				MTL_ENABLE_DEBUG_INFO = YES;
				ONLY_ACTIVE_ARCH = YES;
				SDKROOT = iphoneos;
				SWIFT_OPTIMIZATION_LEVEL = "-Onone";
			};
			name = Debug;
		};
		D36434AA1C01E179006931F4 /* Release */ = {
			isa = XCBuildConfiguration;
			buildSettings = {
				ALWAYS_SEARCH_USER_PATHS = NO;
				CLANG_CXX_LANGUAGE_STANDARD = "gnu++0x";
				CLANG_CXX_LIBRARY = "libc++";
				CLANG_ENABLE_MODULES = YES;
				CLANG_ENABLE_OBJC_ARC = YES;
				CLANG_WARN_BOOL_CONVERSION = YES;
				CLANG_WARN_CONSTANT_CONVERSION = YES;
				CLANG_WARN_DIRECT_OBJC_ISA_USAGE = YES_ERROR;
				CLANG_WARN_EMPTY_BODY = YES;
				CLANG_WARN_ENUM_CONVERSION = YES;
				CLANG_WARN_INT_CONVERSION = YES;
				CLANG_WARN_OBJC_ROOT_CLASS = YES_ERROR;
				CLANG_WARN_UNREACHABLE_CODE = YES;
				CLANG_WARN__DUPLICATE_METHOD_MATCH = YES;
				"CODE_SIGN_IDENTITY[sdk=iphoneos*]" = "iPhone Developer";
				COPY_PHASE_STRIP = NO;
				DEBUG_INFORMATION_FORMAT = "dwarf-with-dsym";
				ENABLE_NS_ASSERTIONS = NO;
				ENABLE_STRICT_OBJC_MSGSEND = YES;
				GCC_C_LANGUAGE_STANDARD = gnu99;
				GCC_NO_COMMON_BLOCKS = YES;
				GCC_WARN_64_TO_32_BIT_CONVERSION = YES;
				GCC_WARN_ABOUT_RETURN_TYPE = YES_ERROR;
				GCC_WARN_UNDECLARED_SELECTOR = YES;
				GCC_WARN_UNINITIALIZED_AUTOS = YES_AGGRESSIVE;
				GCC_WARN_UNUSED_FUNCTION = YES;
				GCC_WARN_UNUSED_VARIABLE = YES;
				IPHONEOS_DEPLOYMENT_TARGET = 9.1;
				MTL_ENABLE_DEBUG_INFO = NO;
				SDKROOT = iphoneos;
				VALIDATE_PRODUCT = YES;
			};
			name = Release;
		};
		D36434AC1C01E179006931F4 /* Debug */ = {
			isa = XCBuildConfiguration;
			baseConfigurationReference = 17D17DBA9968E53DE7E109CE /* Pods-XiaoBai.debug.xcconfig */;
			buildSettings = {
				ASSETCATALOG_COMPILER_APPICON_NAME = AppIcon;
				CODE_SIGN_IDENTITY = "iPhone Developer";
				"CODE_SIGN_IDENTITY[sdk=iphoneos*]" = "iPhone Developer";
				FRAMEWORK_SEARCH_PATHS = "";
				HEADER_SEARCH_PATHS = "";
				INFOPLIST_FILE = XiaoBai/Info.plist;
				IPHONEOS_DEPLOYMENT_TARGET = 8.0;
				LD_RUNPATH_SEARCH_PATHS = "$(inherited) @executable_path/Frameworks";
				LIBRARY_SEARCH_PATHS = "";
				PRODUCT_BUNDLE_IDENTIFIER = wy.XiaoBai;
				PRODUCT_NAME = "$(TARGET_NAME)";
				PROVISIONING_PROFILE = "";
				SWIFT_OBJC_BRIDGING_HEADER = "${SRCROOT}/XiaoBai/XiaoBai-Bridging-Header.h";
				USER_HEADER_SEARCH_PATHS = "";
			};
			name = Debug;
		};
		D36434AD1C01E179006931F4 /* Release */ = {
			isa = XCBuildConfiguration;
			baseConfigurationReference = A8E2B3C8E160E545E586EED1 /* Pods-XiaoBai.release.xcconfig */;
			buildSettings = {
				ASSETCATALOG_COMPILER_APPICON_NAME = AppIcon;
				CODE_SIGN_IDENTITY = "iPhone Developer";
				"CODE_SIGN_IDENTITY[sdk=iphoneos*]" = "iPhone Developer";
				FRAMEWORK_SEARCH_PATHS = "";
				HEADER_SEARCH_PATHS = "";
				INFOPLIST_FILE = XiaoBai/Info.plist;
				IPHONEOS_DEPLOYMENT_TARGET = 8.0;
				LD_RUNPATH_SEARCH_PATHS = "$(inherited) @executable_path/Frameworks";
				LIBRARY_SEARCH_PATHS = "";
				PRODUCT_BUNDLE_IDENTIFIER = wy.XiaoBai;
				PRODUCT_NAME = "$(TARGET_NAME)";
				PROVISIONING_PROFILE = "";
				SWIFT_OBJC_BRIDGING_HEADER = "${SRCROOT}/XiaoBai/XiaoBai-Bridging-Header.h";
				USER_HEADER_SEARCH_PATHS = "";
			};
			name = Release;
		};
/* End XCBuildConfiguration section */

/* Begin XCConfigurationList section */
		D36434941C01E179006931F4 /* Build configuration list for PBXProject "XiaoBai" */ = {
			isa = XCConfigurationList;
			buildConfigurations = (
				D36434A91C01E179006931F4 /* Debug */,
				D36434AA1C01E179006931F4 /* Release */,
			);
			defaultConfigurationIsVisible = 0;
			defaultConfigurationName = Release;
		};
		D36434AB1C01E179006931F4 /* Build configuration list for PBXNativeTarget "XiaoBai" */ = {
			isa = XCConfigurationList;
			buildConfigurations = (
				D36434AC1C01E179006931F4 /* Debug */,
				D36434AD1C01E179006931F4 /* Release */,
			);
			defaultConfigurationIsVisible = 0;
			defaultConfigurationName = Release;
		};
/* End XCConfigurationList section */
	};
	rootObject = D36434911C01E179006931F4 /* Project object */;
}
